
Microsoft Visual Studio Solution File, Format Version 12.00
# Visual Studio 2012
Project("{FAE04EC0-301F-11D3-BF4B-00C04F79EFBC}") = "OpenStackCmdlets", "OpenStackCmdlets\OpenStackCmdlets.csproj", "{0C24C7AE-32AD-42B9-A50C-F96062F1CB52}"
EndProject
Project("{FAE04EC0-301F-11D3-BF4B-00C04F79EFBC}") = "OpenStackCmdlets.Tests", "OpenStackCmdlets.Tests\OpenStackCmdlets.Tests.csproj", "{34FFCF10-6F4F-42C7-B784-F94E7FFA2F4F}"
EndProject
Global
	GlobalSection(SolutionConfigurationPlatforms) = preSolution
		Debug|Any CPU = Debug|Any CPU
		Release|Any CPU = Release|Any CPU
	EndGlobalSection
	GlobalSection(ProjectConfigurationPlatforms) = postSolution
		{0C24C7AE-32AD-42B9-A50C-F96062F1CB52}.Debug|Any CPU.ActiveCfg = Debug|Any CPU
		{0C24C7AE-32AD-42B9-A50C-F96062F1CB52}.Debug|Any CPU.Build.0 = Debug|Any CPU
		{0C24C7AE-32AD-42B9-A50C-F96062F1CB52}.Release|Any CPU.ActiveCfg = Release|Any CPU
		{0C24C7AE-32AD-42B9-A50C-F96062F1CB52}.Release|Any CPU.Build.0 = Release|Any CPU
		{34FFCF10-6F4F-42C7-B784-F94E7FFA2F4F}.Debug|Any CPU.ActiveCfg = Debug|Any CPU
		{34FFCF10-6F4F-42C7-B784-F94E7FFA2F4F}.Debug|Any CPU.Build.0 = Debug|Any CPU
		{34FFCF10-6F4F-42C7-B784-F94E7FFA2F4F}.Release|Any CPU.ActiveCfg = Release|Any CPU
		{34FFCF10-6F4F-42C7-B784-F94E7FFA2F4F}.Release|Any CPU.Build.0 = Release|Any CPU
	EndGlobalSection
EndGlobal
